
Microsoft Visual Studio Solution File, Format Version 12.00
# Visual Studio Version 16
VisualStudioVersion = 16.0.30517.126
MinimumVisualStudioVersion = 10.0.40219.1
Project("{9A19103F-16F7-4668-BE54-9A1E7A4F7556}") = "MoreStringsExercises", "MoreStringsExercises\MoreStringsExercises.csproj", "{80503A2C-DF80-4D67-8505-30428CCE217C}"
EndProject
Project("{FAE04EC0-301F-11D3-BF4B-00C04F79EFBC}") = "MituSona", "MituSona\MituSona.csproj", "{F46A9052-7140-4E41-B9A7-D83E08DF49F7}"
EndProject
Project("{FAE04EC0-301F-11D3-BF4B-00C04F79EFBC}") = "SubstituteCharacters", "SubstituteCharacters\SubstituteCharacters.csproj", "{1D9DC07C-327B-4699-A7F3-ACD8BB69778A}"
EndProject
Project("{FAE04EC0-301F-11D3-BF4B-00C04F79EFBC}") = "ForEachLoop", "ForEachLoop\ForEachLoop.csproj", "{A140B832-9826-43FE-A8C4-8681030019F1}"
EndProject
Project("{FAE04EC0-301F-11D3-BF4B-00C04F79EFBC}") = "CharacterCounter", "CharacterCounter\CharacterCounter.csproj", "{083D654E-19C4-43F9-BC2F-0075A10AD5AE}"
EndProject
Global
	GlobalSection(SolutionConfigurationPlatforms) = preSolution
		Debug|Any CPU = Debug|Any CPU
		Release|Any CPU = Release|Any CPU
	EndGlobalSection
	GlobalSection(ProjectConfigurationPlatforms) = postSolution
		{80503A2C-DF80-4D67-8505-30428CCE217C}.Debug|Any CPU.ActiveCfg = Debug|Any CPU
		{80503A2C-DF80-4D67-8505-30428CCE217C}.Debug|Any CPU.Build.0 = Debug|Any CPU
		{80503A2C-DF80-4D67-8505-30428CCE217C}.Release|Any CPU.ActiveCfg = Release|Any CPU
		{80503A2C-DF80-4D67-8505-30428CCE217C}.Release|Any CPU.Build.0 = Release|Any CPU
		{F46A9052-7140-4E41-B9A7-D83E08DF49F7}.Debug|Any CPU.ActiveCfg = Debug|Any CPU
		{F46A9052-7140-4E41-B9A7-D83E08DF49F7}.Debug|Any CPU.Build.0 = Debug|Any CPU
		{F46A9052-7140-4E41-B9A7-D83E08DF49F7}.Release|Any CPU.ActiveCfg = Release|Any CPU
		{F46A9052-7140-4E41-B9A7-D83E08DF49F7}.Release|Any CPU.Build.0 = Release|Any CPU
		{1D9DC07C-327B-4699-A7F3-ACD8BB69778A}.Debug|Any CPU.ActiveCfg = Debug|Any CPU
		{1D9DC07C-327B-4699-A7F3-ACD8BB69778A}.Debug|Any CPU.Build.0 = Debug|Any CPU
		{1D9DC07C-327B-4699-A7F3-ACD8BB69778A}.Release|Any CPU.ActiveCfg = Release|Any CPU
		{1D9DC07C-327B-4699-A7F3-ACD8BB69778A}.Release|Any CPU.Build.0 = Release|Any CPU
		{A140B832-9826-43FE-A8C4-8681030019F1}.Debug|Any CPU.ActiveCfg = Debug|Any CPU
		{A140B832-9826-43FE-A8C4-8681030019F1}.Debug|Any CPU.Build.0 = Debug|Any CPU
		{A140B832-9826-43FE-A8C4-8681030019F1}.Release|Any CPU.ActiveCfg = Release|Any CPU
		{A140B832-9826-43FE-A8C4-8681030019F1}.Release|Any CPU.Build.0 = Release|Any CPU
		{083D654E-19C4-43F9-BC2F-0075A10AD5AE}.Debug|Any CPU.ActiveCfg = Debug|Any CPU
		{083D654E-19C4-43F9-BC2F-0075A10AD5AE}.Debug|Any CPU.Build.0 = Debug|Any CPU
		{083D654E-19C4-43F9-BC2F-0075A10AD5AE}.Release|Any CPU.ActiveCfg = Release|Any CPU
		{083D654E-19C4-43F9-BC2F-0075A10AD5AE}.Release|Any CPU.Build.0 = Release|Any CPU
	EndGlobalSection
	GlobalSection(SolutionProperties) = preSolution
		HideSolutionNode = FALSE
	EndGlobalSection
	GlobalSection(ExtensibilityGlobals) = postSolution
		SolutionGuid = {B6CEB2B5-44A6-4D5E-B802-4BCF2452C8C3}
	EndGlobalSection
EndGlobal
